
Microsoft Visual Studio Solution File, Format Version 12.00
# Visual Studio Version 17
VisualStudioVersion = 17.8.34309.116
MinimumVisualStudioVersion = 10.0.40219.1
Project("{9A19103F-16F7-4668-BE54-9A1E7A4F7556}") = "LoxTester", "LoxTester\LoxTester.csproj", "{B8A10E30-68BE-409E-9D2C-CD7AA405F3CC}"
EndProject
Project("{9A19103F-16F7-4668-BE54-9A1E7A4F7556}") = "LoxTestGenerator", "LoxTestGenerator\LoxTestGenerator.csproj", "{F06CA130-2594-4E7F-AB3E-D50C52B7DA6B}"
EndProject
Global
	GlobalSection(SolutionConfigurationPlatforms) = preSolution
		Debug|Any CPU = Debug|Any CPU
		Release|Any CPU = Release|Any CPU
	EndGlobalSection
	GlobalSection(ProjectConfigurationPlatforms) = postSolution
		{B8A10E30-68BE-409E-9D2C-CD7AA405F3CC}.Debug|Any CPU.ActiveCfg = Debug|Any CPU
		{B8A10E30-68BE-409E-9D2C-CD7AA405F3CC}.Debug|Any CPU.Build.0 = Debug|Any CPU
		{B8A10E30-68BE-409E-9D2C-CD7AA405F3CC}.Release|Any CPU.ActiveCfg = Release|Any CPU
		{B8A10E30-68BE-409E-9D2C-CD7AA405F3CC}.Release|Any CPU.Build.0 = Release|Any CPU
		{F06CA130-2594-4E7F-AB3E-D50C52B7DA6B}.Debug|Any CPU.ActiveCfg = Debug|Any CPU
		{F06CA130-2594-4E7F-AB3E-D50C52B7DA6B}.Debug|Any CPU.Build.0 = Debug|Any CPU
		{F06CA130-2594-4E7F-AB3E-D50C52B7DA6B}.Release|Any CPU.ActiveCfg = Release|Any CPU
		{F06CA130-2594-4E7F-AB3E-D50C52B7DA6B}.Release|Any CPU.Build.0 = Release|Any CPU
	EndGlobalSection
	GlobalSection(SolutionProperties) = preSolution
		HideSolutionNode = FALSE
	EndGlobalSection
	GlobalSection(ExtensibilityGlobals) = postSolution
		SolutionGuid = {E6ED4396-A893-4E9B-A69D-15A7760D30B8}
	EndGlobalSection
EndGlobal
